
Microsoft Visual Studio Solution File, Format Version 12.00
# Visual Studio 15
VisualStudioVersion = 15.0.26730.12
MinimumVisualStudioVersion = 10.0.40219.1
Project("{888888A0-9F3D-457C-B088-3A5042F75D52}") = "PYRoom.Core", "PYRoom\PYRoom.Core.pyproj", "{D3D0B304-9643-4AAA-8E0C-C187F02A2D10}"
EndProject
Project("{888888A0-9F3D-457C-B088-3A5042F75D52}") = "PYRoom.Client", "PYRoom.Client\PYRoom.Client.pyproj", "{E9B02838-9B49-45A9-9C6D-0FE143A34A3D}"
EndProject
Global
	GlobalSection(SolutionConfigurationPlatforms) = preSolution
		Debug|Any CPU = Debug|Any CPU
		Release|Any CPU = Release|Any CPU
	EndGlobalSection
	GlobalSection(ProjectConfigurationPlatforms) = postSolution
		{D3D0B304-9643-4AAA-8E0C-C187F02A2D10}.Debug|Any CPU.ActiveCfg = Debug|Any CPU
		{D3D0B304-9643-4AAA-8E0C-C187F02A2D10}.Release|Any CPU.ActiveCfg = Release|Any CPU
		{E9B02838-9B49-45A9-9C6D-0FE143A34A3D}.Debug|Any CPU.ActiveCfg = Debug|Any CPU
		{E9B02838-9B49-45A9-9C6D-0FE143A34A3D}.Release|Any CPU.ActiveCfg = Release|Any CPU
	EndGlobalSection
	GlobalSection(SolutionProperties) = preSolution
		HideSolutionNode = FALSE
	EndGlobalSection
	GlobalSection(ExtensibilityGlobals) = postSolution
		SolutionGuid = {ADF5ABEA-7166-4753-85E3-0BBA201F5CB3}
	EndGlobalSection
EndGlobal
